cloud.google.com/go v0.26.0 h1:e0WKqKTd5BnrG8aKH3J3h+QvEIQtSUcf2n5UZ5ZgLtQ=
cloud.google.com/go v0.26.0/go.mod h1:aQUYkXzVsufM+DwF1aE+0xfcU+56JwCaLick0ClmMTw=
github.com/AndreasBriese/bbloom v0.0.0-20170702084017-28f7e881ca57 h1:CVuXDbdzPW0XCNYTldy5dQues57geAs+vfwz3FTTpy8=
github.com/AndreasBriese/bbloom v0.0.0-20170702084017-28f7e881ca57/go.mod h1:bOvUY6CB00SOBii9/FifXqc0awNKxLFCL/+pkDPuyl8=
github.com/BurntSushi/toml v0.3.1 h1:WXkYYl6Yr3qBf1K79EBnL4mak0OimBfB0XUf9Vl28OQ=
github.com/BurntSushi/toml v0.3.1/go.mod h1:xHWCNGjB5oqiDr8zfno3MHue2Ht5sIBksp03qcyfWMU=
github.com/DataDog/zstd v1.3.5 h1:DtpNbljikUepEPD16hD4LvIcmhnhdLTiW/5pHgbmp14=
github.com/DataDog/zstd v1.3.5/go.mod h1:1jcaCB/ufaK+sKp1NBhlGmpz41jOoPQ35bpF36t7BBo=
github.com/Masterminds/glide v0.13.2/go.mod h1:STyF5vcenH/rUqTEv+/hBXlSTo7KYwg2oc2f4tzPWic=
github.com/Masterminds/semver v1.4.2/go.mod h1:MB6lktGJrhw8PrUyiEoblNEGEQ+RzHPF078ddwwvV3Y=
github.com/Masterminds/vcs v1.13.0/go.mod h1:N09YCmOQr6RLxC6UNHzuVwAdodYbbnycGHSmwVJjcKA=
github.com/Sereal/Sereal v0.0.0-20190203221631-e99c7e10fca4 h1:6Tu8RZRaWkHeTPk6TCcGt7uTdjBWne5J5xvL2b7S7Vw=
github.com/Sereal/Sereal v0.0.0-20190203221631-e99c7e10fca4/go.mod h1:D0JMgToj/WdxCgd30Kc1UcA9E+WdZoJqeVOuYW7iTBM=
github.com/TruStory/truchain v0.0.0-1bc7f1cd h1:XSQ2LiRMmdHqg17tBj5M/3VYM9H8ijCIqNaF4sqyfe0=
github.com/TruStory/truchain v0.0.0-20190418181802-884a053ce714 h1:R2aPhbg0Ec1VovnayG593VT6ht8Z8xanAK25jS/zmsE=
github.com/TruStory/truchain v0.0.0-20190418181802-884a053ce714/go.mod h1:viiDx7eXo/uSXehdIyHoHccA2yDlaKTj4N33ezmFfPM=
github.com/TruStory/truchain v0.0.0-20190426143242-c3241b622db6 h1:K14+u1AxhgbaO1BSBx2YxR38PElWBIlqgSq+8a4/YSI=
github.com/TruStory/truchain v0.0.0-20190426143242-c3241b622db6/go.mod h1:viiDx7eXo/uSXehdIyHoHccA2yDlaKTj4N33ezmFfPM=
github.com/TruStory/truchain v0.0.0-20190429154411-3b23f8ad48d1 h1:NsTAG11iKbr8IwfMUHwXAmAzja0aMiHsS96UelK5FvQ=
github.com/TruStory/truchain v0.0.0-20190429154411-3b23f8ad48d1/go.mod h1:viiDx7eXo/uSXehdIyHoHccA2yDlaKTj4N33ezmFfPM=
github.com/TruStory/truchain v0.0.0-20190429200121-f25de715fa8c h1:uo+v8VgkY46xvpkz4o2QOLBTFbc30aFa5D+ESiGTuqw=
github.com/TruStory/truchain v0.0.0-20190429200121-f25de715fa8c/go.mod h1:viiDx7eXo/uSXehdIyHoHccA2yDlaKTj4N33ezmFfPM=
github.com/TruStory/truchain v0.0.0-20190429223859-2665eb215592 h1:v/tUeAKHmR+jCvAXUHHF0A4wYadMl9CRJuqz4yVuZYg=
github.com/TruStory/truchain v0.0.0-20190429223859-2665eb215592/go.mod h1:viiDx7eXo/uSXehdIyHoHccA2yDlaKTj4N33ezmFfPM=
github.com/TruStory/truchain v0.0.0-20190429233225-a528c021e7e1 h1:soHgNRCp3o290ZcQoGwC/jqY7K6fFwmcLUE8kiPKLss=
github.com/TruStory/truchain v0.0.0-20190429233225-a528c021e7e1/go.mod h1:viiDx7eXo/uSXehdIyHoHccA2yDlaKTj4N33ezmFfPM=
github.com/TruStory/truchain v0.0.0-20190430002044-deb41ab04cca h1:4eoI32zklYLebtzBngojU5eYpUDQhrCcHGl/3SYIwqg=
github.com/TruStory/truchain v0.0.0-20190430002044-deb41ab04cca/go.mod h1:viiDx7eXo/uSXehdIyHoHccA2yDlaKTj4N33ezmFfPM=
github.com/TruStory/truchain v0.0.0-20190430185932-45b6f1352499 h1:JiHGaAYDX6O3mMPIaoeUuB4LSeUZB8oAJVqfutDFfys=
github.com/TruStory/truchain v0.0.0-20190430185932-45b6f1352499/go.mod h1:viiDx7eXo/uSXehdIyHoHccA2yDlaKTj4N33ezmFfPM=
github.com/TruStory/truchain v0.0.0-20190430231305-47f6c6c78036 h1:+0mQdWwFOV3dtgpnTJRXX2i4wV0UBoLzCZADE7PsCRI=
github.com/TruStory/truchain v0.0.0-20190430231305-47f6c6c78036/go.mod h1:viiDx7eXo/uSXehdIyHoHccA2yDlaKTj4N33ezmFfPM=
github.com/TruStory/truchain v0.0.0-20190430233614-a223e381ce4b h1:yqxkYZde87037RaE8PdwaaoqTDaetpJ6BDzcm+nm24g=
github.com/TruStory/truchain v0.0.0-20190430233614-a223e381ce4b/go.mod h1:viiDx7eXo/uSXehdIyHoHccA2yDlaKTj4N33ezmFfPM=
github.com/TruStory/truchain v0.0.0-20190430235046-a05e0b114788 h1:FnKtGPgilvIh+5uk4h9I5ijkSDCPfFj1cvjQC+ITzr8=
github.com/TruStory/truchain v0.0.0-20190430235046-a05e0b114788/go.mod h1:viiDx7eXo/uSXehdIyHoHccA2yDlaKTj4N33ezmFfPM=
github.com/TruStory/truchain v0.0.0-20190501004618-f58ca2e534de h1:6sRsgxEUUMD16k65Ox3PlhIdPdbm4Z8/njEjC0AkulQ=
github.com/TruStory/truchain v0.0.0-20190501004618-f58ca2e534de/go.mod h1:viiDx7eXo/uSXehdIyHoHccA2yDlaKTj4N33ezmFfPM=
github.com/TruStory/truchain v0.0.0-20190501005554-d7bb97f720a9 h1:SXQ9kQLTY9uJ5LFMbV7kdrT3fVq5yByweuYo4xYpP64=
github.com/TruStory/truchain v0.0.0-20190501005554-d7bb97f720a9/go.mod h1:viiDx7eXo/uSXehdIyHoHccA2yDlaKTj4N33ezmFfPM=
github.com/TruStory/truchain v0.0.0-20190508172654-f236204070fe h1:2e9zZ9/xgcJFqe53aMsZ+mvvZPbh5TqGGWPhY+HoDDU=
github.com/TruStory/truchain v0.0.0-20190508172654-f236204070fe/go.mod h1:viiDx7eXo/uSXehdIyHoHccA2yDlaKTj4N33ezmFfPM=
github.com/TruStory/truchain v0.0.0-20190508173212-95d819ceee01 h1:l/W9Auv2DS9NkPJfLFcpaW7ZqGeyhI1xKAt64E0FBKk=
github.com/TruStory/truchain v0.0.0-20190508173212-95d819ceee01/go.mod h1:viiDx7eXo/uSXehdIyHoHccA2yDlaKTj4N33ezmFfPM=
github.com/TruStory/truchain v0.0.0-20190508180906-faf6309ddbf3 h1:G+8Pe/hcq3eULvLO8wqJ8ZD8fH8lvOP7iFbHfcYpU5k=
github.com/TruStory/truchain v0.0.0-20190508180906-faf6309ddbf3/go.mod h1:viiDx7eXo/uSXehdIyHoHccA2yDlaKTj4N33ezmFfPM=
github.com/VividCortex/gohistogram v1.0.0 h1:6+hBz+qvs0JOrrNhhmR7lFxo5sINxBCGXrdtl/UvroE=
github.com/VividCortex/gohistogram v1.0.0/go.mod h1:Pf5mBqqDxYaXu3hDrrU+w6nw50o/4+TcAqDqk/vUH7g=
github.com/aead/siphash v1.0.1/go.mod h1:Nywa3cDsYNNK3gaciGTWPwHt0wlpNV15vwmswBAUSII=
github.com/apex/gateway v0.0.0-20180121231047-e9c6ccec8851 h1:u3W9c2pDjqbL6V91atkRL/B+IJMBAzaf+tJKAserLgM=
github.com/apex/gateway v0.0.0-20180121231047-e9c6ccec8851/go.mod h1:x7iPY22zu9D8sfrynawEwh1wZEO/kQTRaOM5ye02tWU=
github.com/appleboy/com v0.0.0-20180410030638-c0b5901f9622 h1:ozHD8HTq7ivv8vTJRCAzjA4wEA8BMGekxMDZrFdqz5M=
github.com/appleboy/com v0.0.0-20180410030638-c0b5901f9622/go.mod h1:rtwjPnHClMOJw4K5oW3ASx9BCPCJ1SDbFbzJjY4Ebqw=
github.com/appleboy/go-fcm v0.0.0-20180823141355-c8cd26f2c452 h1:+O17Ly9bsfToQAJApv4FeLYqbm0OZyE2nupljZ1iQrc=
github.com/appleboy/go-fcm v0.0.0-20180823141355-c8cd26f2c452/go.mod h1:DeokSWAx9RKLcVXRodWJ0lpvHaMPfQx+cC/zODK7g8A=
github.com/appleboy/gofight v2.0.0+incompatible h1:ECVMVpNJFBztDbnA7ead4Ffm6mizKKb6QyR78F+j4eY=
github.com/appleboy/gofight v2.0.0+incompatible/go.mod h1:H/tvof1oZHnZdlBd+AeODZGkk1C+D2na0NXr0iXuZHA=
github.com/appleboy/gorush v1.11.1 h1:MwpYsYP/IffMz6nc/ddMuXlgogeB8KTFytOXJGfg1cY=
github.com/appleboy/gorush v1.11.1/go.mod h1:GP+SJ22pEVDm1OaFlCvud9g5UkY8Zwx68Qd+nWfRAKQ=
github.com/asdine/storm v0.0.0-20170209191653-de95a2ead13a h1:+fMyGdnBFcIfdzMHhOXRhdnTbRAqDv8ahtl4nzP5l9Y=
github.com/asdine/storm v0.0.0-20170209191653-de95a2ead13a/go.mod h1:RarYDc9hq1UPLImuiXK3BIWPJLdIygvV3PsInK0FbVQ=
github.com/aws/aws-lambda-go v0.0.0-20180121103608-6736675908bd h1:Be96229HOzPdt/kGWgoGGVeo3/SDxyB93xOjU3aHJyo=
github.com/aws/aws-lambda-go v0.0.0-20180121103608-6736675908bd/go.mod h1:zUsUQhAUjYzR8AuduJPCfhBuKWUaDbQiPOG+ouzmE1A=
github.com/aws/aws-sdk-go v1.18.1 h1:Jldy1wK0NFIF91+AVieoAqDOgNCS5hpT18A1qdz2ulA=
github.com/aws/aws-sdk-go v1.18.1/go.mod h1:KmX6BPdI08NWTb3/sm4ZGu5ShLoqVDhKgpiN924inxo=
github.com/beorn7/perks v0.0.0-20180321164747-3a771d992973 h1:xJ4a3vCFaGF/jqvzLMYoU8P317H5OQ+Via4RmuPwCS0=
github.com/beorn7/perks v0.0.0-20180321164747-3a771d992973/go.mod h1:Dwedo/Wpr24TaqPxmxbtue+5NUziq4I4S80YR8gNf3Q=
github.com/boltdb/bolt v0.0.0-20170131192018-e9cf4fae01b5 h1:CEa4aInusZzqB0d5gjtQFqUQjWBa30RQR8mXuu2RnXw=
github.com/boltdb/bolt v0.0.0-20170131192018-e9cf4fae01b5/go.mod h1:clJnj/oiGkjum5o1McbSZDSLxVThjynRyGBgiAx27Ps=
github.com/btcsuite/btcd v0.0.0-20190213025234-306aecffea32 h1:qkOC5Gd33k54tobS36cXdAzJbeHaduLtnLQQwNoIi78=
github.com/btcsuite/btcd v0.0.0-20190213025234-306aecffea32/go.mod h1:DrZx5ec/dmnfpw9KyYoQyYo7d0KEvTkk/5M/vbZjAr8=
github.com/btcsuite/btclog v0.0.0-20170628155309-84c8d2346e9f/go.mod h1:TdznJufoqS23FtqVCzL0ZqgP5MqXbb4fg/WgDys70nA=
github.com/btcsuite/btcutil v0.0.0-20190207003914-4c204d697803 h1:j3AgPKKZtZStM2nyhrDSLSYgT7YHrZKdSkq1OYeLjvM=
github.com/btcsuite/btcutil v0.0.0-20190207003914-4c204d697803/go.mod h1:+5NJ2+qvTyV9exUAL/rxXi3DcLg2Ts+ymUAY5y4NvMg=
github.com/btcsuite/go-socks v0.0.0-20170105172521-4720035b7bfd/go.mod h1:HHNXQzUsZCxOoE+CPiyCTO6x34Zs86zZUiwtpXoGdtg=
github.com/btcsuite/goleveldb v0.0.0-20160330041536-7834afc9e8cd/go.mod h1:F+uVaaLLH7j4eDXPRvw78tMflu7Ie2bzYOH4Y8rRKBY=
github.com/btcsuite/snappy-go v0.0.0-20151229074030-0bdef8d06723/go.mod h1:8woku9dyThutzjeg+3xrA5iCpBRH8XEEg3lh6TiUghc=
github.com/btcsuite/websocket v0.0.0-20150119174127-31079b680792/go.mod h1:ghJtEyQwv5/p4Mg4C0fgbePVuGr935/5ddU9Z3TmDRY=
github.com/btcsuite/winsvc v1.0.0/go.mod h1:jsenWakMcC0zFBFurPLEAyrnc/teJEM1O46fmI40EZs=
github.com/buger/jsonparser v0.0.0-20170215081816-6bd16707875b h1:UTJFwf/U1soV0wCEMDwm7Q+KvaMIxes5h9K+eXGFT/g=
github.com/buger/jsonparser v0.0.0-20170215081816-6bd16707875b/go.mod h1:bbYlZJ7hK1yFx9hf58LP0zeX7UjIGs20ufpu3evjr+s=
github.com/client9/misspell v0.3.4/go.mod h1:qj6jICC3Q7zFZvVWo7KLAzC3yx5G7kyvSDkc90ppPyw=
github.com/codegangsta/cli v1.20.0/go.mod h1:/qJNoX69yVSKu5o4jLyXAENLRyk1uhi7zkbQ3slBdOA=
github.com/corpix/uarand v0.1.0 h1:HgE/0ismPNM4n3z2VeZxzwpMJiN4uSZ+SMpxxvoyffY=
github.com/corpix/uarand v0.1.0/go.mod h1:SFKZvkcRoLqVRFZ4u25xPmp6m9ktANfbpXZ7SJ0/FNU=
github.com/cosmos/cosmos-sdk v0.33.0 h1:GcWGjCjIZQ2wvRfBm8Nix4bMAmFxSC8o/J4bslM3KSY=
github.com/cosmos/cosmos-sdk v0.33.0/go.mod h1:JrX/JpJunJQXBI5PEX2zELHMFzQr/159jDjIhesOh2c=
github.com/davecgh/go-spew v0.0.0-20171005155431-ecdeabc65495 h1:6IyqGr3fnd0tM3YxipK27TUskaOVUjU2nG45yzwcQKY=
github.com/davecgh/go-spew v0.0.0-20171005155431-ecdeabc65495/go.mod h1:J7Y8YcW2NihsgmVo/mv3lAwl/skON4iLHjSsI+c5H38=
github.com/davecgh/go-spew v1.1.0 h1:ZDRjVQ15GmhC3fiQ8ni8+OwkZQO4DARzQgrnXU1Liz8=
github.com/davecgh/go-spew v1.1.0/go.mod h1:J7Y8YcW2NihsgmVo/mv3lAwl/skON4iLHjSsI+c5H38=
github.com/davecgh/go-spew v1.1.1 h1:vj9j/u1bqnvCEfJOwUhtlOARqs3+rkHYY13jYWTU97c=
github.com/davecgh/go-spew v1.1.1/go.mod h1:J7Y8YcW2NihsgmVo/mv3lAwl/skON4iLHjSsI+c5H38=
github.com/dgraph-io/badger v0.0.0-20180406055407-deb140b63781 h1:2cZr+tpKuiLcuT0rk63IBRAuNNmktyLjSnFSFHXqZcs=
github.com/dgraph-io/badger v0.0.0-20180406055407-deb140b63781/go.mod h1:VZxzAIRPHRVNRKRo6AXrX9BJegn6il06VMTZVJYCIjQ=
github.com/dgrijalva/jwt-go v3.1.0+incompatible h1:FFziAwDQQ2dz1XClWMkwvukur3evtZx7x/wMHKM1i20=
github.com/dgrijalva/jwt-go v3.1.0+incompatible/go.mod h1:E3ru+11k8xSBh+hMPgOLZmtrrCbhqsmaPHjLKYnJCaQ=
github.com/dgryski/go-farm v0.0.0-20180109070241-2de33835d102 h1:afESQBXJEnj3fu+34X//E8Wg3nEbMJxJkwSc0tPePK0=
github.com/dgryski/go-farm v0.0.0-20180109070241-2de33835d102/go.mod h1:SqUrOPUnsFjfmXRMNPybcSiG0BgUW2AuFH8PAnS2iTw=
github.com/emirpasic/gods v0.0.0-20170204130913-fc3e4a43ff31 h1:l2nU4fk8IgsxoSLC2Tj+UrqiZXlFfZGMAj04oMJN+VU=
github.com/emirpasic/gods v0.0.0-20170204130913-fc3e4a43ff31/go.mod h1:YfzfFFoVP/catgzJb4IKIqXjX78Ha8FMSDh3ymbK86o=
github.com/ethereum/go-ethereum v1.8.23 h1:xVKYpRpe3cbkaWN8gsRgStsyTvz3s82PcQsbEofjhEQ=
github.com/ethereum/go-ethereum v1.8.23/go.mod h1:PwpWDrCLZrV+tfrhqqF6kPknbISMHaJv9Ln3kPCZLwY=
github.com/facebookgo/clock v0.0.0-20150410010913-600d898af40a h1:yDWHCSQ40h88yih2JAcL6Ls/kVkSE8GFACTGVnMPruw=
github.com/facebookgo/clock v0.0.0-20150410010913-600d898af40a/go.mod h1:7Ga40egUymuWXxAe151lTNnCv97MddSOVsjpPPkityA=
github.com/facebookgo/ensure v0.0.0-20160127193407-b4ab57deab51 h1:0JZ+dUmQeA8IIVUMzysrX4/AKuQwWhV2dYQuPZdvdSQ=
github.com/facebookgo/ensure v0.0.0-20160127193407-b4ab57deab51/go.mod h1:Yg+htXGokKKdzcwhuNDwVvN+uBxDGXJ7G/VN1d8fa64=
github.com/facebookgo/freeport v0.0.0-20150612182905-d4adf43b75b9 h1:wWke/RUCl7VRjQhwPlR/v0glZXNYzBHdNUzf/Am2Nmg=
github.com/facebookgo/freeport v0.0.0-20150612182905-d4adf43b75b9/go.mod h1:uPmAp6Sws4L7+Q/OokbWDAK1ibXYhB3PXFP1kol5hPg=
github.com/facebookgo/grace v0.0.0-20170218225239-4afe952a37a4 h1:c8bY3vJpaia8nrZANEBY8yL7rGg7TSit8O1eAJe4hbo=
github.com/facebookgo/grace v0.0.0-20170218225239-4afe952a37a4/go.mod h1:KigFdumBXUPSwzLDbeuzyt0elrL7+CP7TKuhrhT4bcU=
github.com/facebookgo/httpdown v0.0.0-20160323221027-a3b1354551a2 h1:3Zvf9wRhl1cOhckN1oRGWPOkIhOketmEcrQ4TeFAoR4=
github.com/facebookgo/httpdown v0.0.0-20160323221027-a3b1354551a2/go.mod h1:TUV/fX3XrTtBQb5+ttSUJzcFgLNpILONFTKmBuk5RSw=
github.com/facebookgo/stack v0.0.0-20160209184415-751773369052 h1:JWuenKqqX8nojtoVVWjGfOF9635RETekkoH6Cc9SX0A=
github.com/facebookgo/stack v0.0.0-20160209184415-751773369052/go.mod h1:UbMTZqLaRiH3MsBH8va0n7s1pQYcu3uTb8G4tygF4Zg=
github.com/facebookgo/stats v0.0.0-20151006221625-1b76add642e4 h1:0YtRCqIZs2+Tz49QuH6cJVw/IFqzo39gEqZ0iYLxD2M=
github.com/facebookgo/stats v0.0.0-20151006221625-1b76add642e4/go.mod h1:vsJz7uE339KUCpBXx3JAJzSRH7Uk4iGGyJzR529qDIA=
github.com/facebookgo/subset v0.0.0-20150612182917-8dac2c3c4870 h1:E2s37DuLxFhQDg5gKsWoLBOB0n+ZW8s599zru8FJ2/Y=
github.com/facebookgo/subset v0.0.0-20150612182917-8dac2c3c4870/go.mod h1:5tD+neXqOorC30/tWg0LCSkrqj/AR6gu8yY8/fpw1q0=
github.com/fortytw2/leaktest v1.3.0 h1:u8491cBMTQ8ft8aeV+adlcytMZylmA5nnwwkRZjI8vw=
github.com/fortytw2/leaktest v1.3.0/go.mod h1:jDsjWgpAGjm2CA7WthBh/CdZYEPF31XHquHwclZch5g=
github.com/fsnotify/fsnotify v1.4.7 h1:IXs+QLmnXW2CcXuY+8Mzv/fWEsPGWxqefPtCP5CnV9I=
github.com/fsnotify/fsnotify v1.4.7/go.mod h1:jwhsz4b93w/PPRr/qN1Yymfu8t87LnFCMoQvtojpjFo=
github.com/gernest/mention v2.0.0+incompatible h1:pTXnujBC6tqlw5awDkLojq92TXbt0F+4+8FBlQC+di8=
github.com/gernest/mention v2.0.0+incompatible/go.mod h1:/z3Hb+4gaPF+vL8og/lj6Au5j8hh5EfU7/EknmDUuO4=
github.com/gin-contrib/sse v0.0.0-20170109093832-22d885f9ecc7 h1:AzN37oI0cOS+cougNAV9szl6CVoj2RYwzS3DpUQNtlY=
github.com/gin-contrib/sse v0.0.0-20170109093832-22d885f9ecc7/go.mod h1:VJ0WA2NBN22VlZ2dKZQPAPnyWw5XTlK1KymzLKsr59s=
github.com/gin-gonic/gin v0.0.0-20170929084810-b8b68314faa0 h1:9NJhszAM+V+E0qESsPI3EGhCINyqzDWAwC0/dPEUexM=
github.com/gin-gonic/gin v0.0.0-20170929084810-b8b68314faa0/go.mod h1:7cKuhb5qV2ggCFctp2fJQ+ErvciLZrIeoOSOm6mUr7Y=
github.com/go-kit/kit v0.8.0 h1:Wz+5lgoB0kkuqLEc6NVmwRknTKP6dTGbSqvhZtBI/j0=
github.com/go-kit/kit v0.8.0/go.mod h1:xBxKIO96dXMWWy0MnWVtmwkA9/13aqxPnvrjFYMA2as=
github.com/go-logfmt/logfmt v0.4.0 h1:MP4Eh7ZCb31lleYCFuwm0oe4/YGak+5l1vA2NOE80nA=
github.com/go-logfmt/logfmt v0.4.0/go.mod h1:3RMwSq7FuexP4Kalkev3ejPJsZTpXXBr9+V4qmtdjCk=
github.com/go-pg/migrations v6.7.3+incompatible h1:mKayeWTNGhYA9P9wzZNSDoumJRhfB4fEmfAlxNTVwtA=
github.com/go-pg/migrations v6.7.3+incompatible/go.mod h1:DtFiob3rFxsj0He8fye6Ta4eukFW80IfdY10zb2yH1c=
github.com/go-pg/pg v8.0.3+incompatible h1:h+wfgh3nBdyTcYPQtK7GGnAFhVUGH33F9SEcMv5wbzI=
github.com/go-pg/pg v8.0.3+incompatible/go.mod h1:a2oXow+aFOrvwcKs3eIA0lNFmMilrxK2sOkB5NWe0vA=
github.com/go-stack/stack v1.8.0 h1:5SgMzNM5HxrEjV0ww2lTmX6E2Izsfxas4+YHWRs3Lsk=
github.com/go-stack/stack v1.8.0/go.mod h1:v0f6uXyyMGvRgIKkXu+yp6POWl0qKG85gN/melR3HDY=
github.com/gogo/protobuf v1.1.1/go.mod h1:r8qH/GZQm5c6nD/R0oafs1akxWv10x8SbQlK7atdtwQ=
github.com/gogo/protobuf v1.2.1 h1:/s5zKNz0uPFCZ5hddgPdo2TK2TVrUNMn0OOX8/aZMTE=
github.com/gogo/protobuf v1.2.1/go.mod h1:hp+jE20tsWTFYpLwKvXlhS1hjn+gTNwPg2I6zVXpSg4=
github.com/golang/glog v0.0.0-20160126235308-23def4e6c14b h1:VKtxabqXZkF25pY9ekfRL6a582T4P37/31XEstQ5p58=
github.com/golang/glog v0.0.0-20160126235308-23def4e6c14b/go.mod h1:SBH7ygxi8pfUlaOkMMuAQtPIUF8ecWP5IEl/CR7VP2Q=
github.com/golang/mock v1.1.1 h1:G5FRp8JnTd7RQH5kemVNlMeyXQAztQ3mOWV95KxsXH8=
github.com/golang/mock v1.1.1/go.mod h1:oTYuIxOrZwtPieC+H1uAHpcLFnEyAGVDL/k47Jfbm0A=
github.com/golang/protobuf v1.2.0/go.mod h1:6lQm79b+lXiMfvg/cZm0SGofjICqVBUtrP5yJMmIC1U=
github.com/golang/protobuf v1.3.0 h1:kbxbvI4Un1LUWKxufD+BiE6AEExYYgkQLQmLFqA1LFk=
github.com/golang/protobuf v1.3.0/go.mod h1:Qd/q+1AKNOZr9uGQzbzCmRO6sUih6GTPZv6a1/R87v0=
github.com/golang/snappy v0.0.0-20170215233205-553a64147049/go.mod h1:/XxbfmMg8lxefKM7IXC3fBNl/7bRcc72aCRzEWrmP2Q=
github.com/golang/snappy v0.0.0-20180518054509-2e65f85255db h1:woRePGFeVFfLKN/pOkfl+p/TAqKOfFu+7KPlMVpok/w=
github.com/golang/snappy v0.0.0-20180518054509-2e65f85255db/go.mod h1:/XxbfmMg8lxefKM7IXC3fBNl/7bRcc72aCRzEWrmP2Q=
github.com/google/gofuzz v0.0.0-20170612174753-24818f796faf h1:+RRA9JqSOZFfKrOeqr2z77+8R2RKyh8PG66dcu1V0ck=
github.com/google/gofuzz v0.0.0-20170612174753-24818f796faf/go.mod h1:HP5RmnzzSNb993RKQDq4+1A4ia9nllfqcQFTQJedwGI=
github.com/gorilla/mux v1.7.0 h1:tOSd0UKHQd6urX6ApfOn4XdBMY6Sh1MfxV3kmaazO+U=
github.com/gorilla/mux v1.7.0/go.mod h1:1lud6UwP+6orDFRuTfBEV8e9/aOM/c4fVVCaMa2zaAs=
github.com/gorilla/websocket v1.4.0 h1:WDFjx/TMzVgy9VdMMQi2K2Emtwi2QcUQsztZ/zLaH/Q=
github.com/gorilla/websocket v1.4.0/go.mod h1:E7qHFY5m1UJ88s3WnNqhKjPHQ0heANvMoAMk2YaljkQ=
github.com/hashicorp/hcl v0.0.0-20171017181929-23c074d0eceb h1:1OvvPvZkn/yCQ3xBcM8y4020wdkMXPHLB4+NfoGWh4U=
github.com/hashicorp/hcl v0.0.0-20171017181929-23c074d0eceb/go.mod h1:oZtUIOe8dh44I2q6ScRibXws4Ajl+d+nod3AaR9vL5w=
github.com/hpcloud/tail v1.0.0 h1:nfCOvKYfkgYP8hkirhJocXT2+zOD8yUNjXaWfTlyFKI=
github.com/hpcloud/tail v1.0.0/go.mod h1:ab1qPbhIpdTxEkNHXyeSf5vhxWSCs/tWer42PpOxQnU=
github.com/icrowley/fake v0.0.0-20180203215853-4178557ae428 h1:Mo9W14pwbO9VfRe+ygqZ8dFbPpoIK1HFrG/zjTuQ+nc=
github.com/icrowley/fake v0.0.0-20180203215853-4178557ae428/go.mod h1:uhpZMVGznybq1itEKXj6RYw9I71qK4kH+OGMjRC4KEo=
github.com/inconshreveable/mousetrap v1.0.0 h1:Z8tu5sraLXCXIcARxBp/8cbvlwVa7Z1NHg9XEKhtSvM=
github.com/inconshreveable/mousetrap v1.0.0/go.mod h1:PxqpIevigyE2G7u3NXJIT2ANytuPF1OarO4DADm73n8=
github.com/itskingori/go-wkhtml v0.0.0-20180226001954-aa8c15cb0496 h1:KhRWXAsmFPu5giTlN4tN7i+mxU3fqSJviBIxCOxsEf4=
github.com/itskingori/go-wkhtml v0.0.0-20180226001954-aa8c15cb0496/go.mod h1:t9llUjhmVQfnKP1HmWhnSdZoQbCPxn3oekQfpeSGwjM=
github.com/jessevdk/go-flags v0.0.0-20141203071132-1679536dcc89/go.mod h1:4FA24M0QyGHXBuZZK/XkWh8h0e1EYbRYJSGM75WSRxI=
github.com/jinzhu/inflection v0.0.0-20180308033659-04140366298a h1:eeaG9XMUvRBYXJi4pg1ZKM7nxc5AfXfojeLLW7O5J3k=
github.com/jinzhu/inflection v0.0.0-20180308033659-04140366298a/go.mod h1:h+uFLlag+Qp1Va5pdKtLDYj+kHp5pxUVkryuEj+Srlc=
github.com/jmespath/go-jmespath v0.0.0-20180206201540-c2b33e8439af h1:pmfjZENx5imkbgOkpRUYLnmbU7UEFbjtDA2hxJ1ichM=
github.com/jmespath/go-jmespath v0.0.0-20180206201540-c2b33e8439af/go.mod h1:Nht3zPeWKUH0NzdCt2Blrr5ys8VGpn0CEB0cQHVjt7k=
github.com/jmhodges/levigo v1.0.0 h1:q5EC36kV79HWeTBWsod3mG11EgStG3qArTKcvlksN1U=
github.com/jmhodges/levigo v1.0.0/go.mod h1:Q6Qx+uH3RAqyK4rFQroq9RL7mdkABMcfhEI+nNuzMJQ=
github.com/joho/godotenv v1.3.0 h1:Zjp+RcGpHhGlrMbJzXTrZZPrWj+1vfm90La1wgB6Bhc=
github.com/joho/godotenv v1.3.0/go.mod h1:7hK45KPybAkOC6peb+G5yklZfMxEjkZhHbwpqxOKXbg=
github.com/jrick/logrotate v1.0.0/go.mod h1:LNinyqDIJnpAur+b8yyulnQw/wDuN1+BYKlTRt3OuAQ=
github.com/json-iterator/go v0.0.0-20170713110145-8b0360418449 h1:VJa+Po1cVKm+Dj6WfkX1Hn9uhN9Em148uJmr+LMDGN8=
github.com/json-iterator/go v0.0.0-20170713110145-8b0360418449/go.mod h1:+SdeFBvtyEkXs7REEP0seUULqWtbJapLOCVDaaPEHmU=
github.com/kelseyhightower/envconfig v1.3.0 h1:IvRS4f2VcIQy6j4ORGIf9145T/AsUB+oY8LyvN8BXNM=
github.com/kelseyhightower/envconfig v1.3.0/go.mod h1:cccZRl6mQpaq41TPp5QxidR+Sa3axMbJDNb//FQX6Gg=
github.com/kisielk/errcheck v1.1.0/go.mod h1:EZBBE59ingxPouuu3KfxchcWSUPOHkagtvWXihfKN4Q=
github.com/kisielk/gotool v1.0.0/go.mod h1:XhKaO+MFFWcvkIS/tQcRk01m1F5IRFswLeQ+oQHNcck=
github.com/kkdai/bstream v0.0.0-20161212061736-f391b8402d23/go.mod h1:J+Gs4SYgM6CZQHDETBtE9HaSEkGmuNXF86RwHhHUvq4=
github.com/konsorten/go-windows-terminal-sequences v1.0.1 h1:mweAR1A6xJ3oS2pRaGiHgQ4OO8tzTaLawm8vnODuwDk=
github.com/konsorten/go-windows-terminal-sequences v1.0.1/go.mod h1:T0+1ngSBFLxvqU3pZ+m/2kptfBszLMUkC4ZK/EgS/cQ=
github.com/kr/logfmt v0.0.0-20140226030751-b84e30acd515 h1:T+h1c/A9Gawja4Y9mFVWj2vyii2bbUNDw3kt9VxK2EY=
github.com/kr/logfmt v0.0.0-20140226030751-b84e30acd515/go.mod h1:+0opPa2QZZtGFBFZlji/RkVcI2GknAs/DXo4wKdlNEc=
github.com/kr/pretty v0.1.0 h1:L/CwN0zerZDmRFUapSPitk6f+Q3+0za1rQkzVuMiMFI=
github.com/kr/pretty v0.1.0/go.mod h1:dAy3ld7l9f0ibDNOQOHHMYYIIbhfbHSm3C4ZsoJORNo=
github.com/kr/pty v1.1.1/go.mod h1:pFQYn66WHrOpPYNljwOMqo10TkYh1fy3cYio2l3bCsQ=
github.com/kr/text v0.1.0 h1:45sCR5RtlFHMR4UwH9sdQ5TC8v0qDQCHnXt+kaKSTVE=
github.com/kr/text v0.1.0/go.mod h1:4Jbv+DJW3UT/LiOwJeYQe1efqtUx/iVham/4vfdArNI=
github.com/labstack/echo v3.3.10+incompatible h1:pGRcYk231ExFAyoAjAfD85kQzRJCRI8bbnE7CX5OEgg=
github.com/labstack/echo v3.3.10+incompatible/go.mod h1:0INS7j/VjnFxD4E2wkz67b8cVwCLbBmJyDaka6Cmk1s=
github.com/labstack/gommon v0.2.8 h1:JvRqmeZcfrHC5u6uVleB4NxxNbzx6gpbJiQknDbKQu0=
github.com/labstack/gommon v0.2.8/go.mod h1:/tj9csK2iPSBvn+3NLM9e52usepMtrd5ilFYA+wQNJ4=
github.com/machinebox/graphql v0.2.2 h1:dWKpJligYKhYKO5A2gvNhkJdQMNZeChZYyBbrZkBZfo=
github.com/machinebox/graphql v0.2.2/go.mod h1:F+kbVMHuwrQ5tYgU9JXlnskM8nOaFxCAEolaQybkjWA=
github.com/machinebox/graphql v0.2.3-0.20181106130121-3a9253180225 h1:guHWmqIKr4G+gQ4uYU5vcZjsUhhklRA2uOcGVfcfqis=
github.com/machinebox/graphql v0.2.3-0.20181106130121-3a9253180225/go.mod h1:F+kbVMHuwrQ5tYgU9JXlnskM8nOaFxCAEolaQybkjWA=
github.com/magiconair/properties v0.0.0-20170902060319-8d7837e64d3c h1:BDr2SMw3gKp9Xyvp33plTgRPEkE6NralNG0JLuBgkiQ=
github.com/magiconair/properties v0.0.0-20170902060319-8d7837e64d3c/go.mod h1:PppfXfuXeibc/6YijjN8zIbojt8czPbwD3XqdrwzmxQ=
github.com/mailru/easyjson v0.0.0-20190312143242-1de009706dbe h1:W/GaMY0y69G4cFlmsC6B9sbuo2fP8OFP1ABjt4kPz+w=
github.com/mailru/easyjson v0.0.0-20190312143242-1de009706dbe/go.mod h1:C1wdFJiN94OJF2b5HbByQZoLdCWB1Yqtg26g4irojpc=
github.com/matryer/is v1.2.0 h1:92UTHpy8CDwaJ08GqLDzhhuixiBUUD1p3AU6PHddz4A=
github.com/matryer/is v1.2.0/go.mod h1:2fLPjFQM9rhQ15aVEtbuwhJinnOqrmgXPNdZsdwlWXA=
github.com/mattn/go-colorable v0.1.1 h1:G1f5SKeVxmagw/IyvzvtZE4Gybcc4Tr1tf7I8z0XgOg=
github.com/mattn/go-colorable v0.1.1/go.mod h1:FuOcm+DKB9mbwrcAfNl7/TZVBZ6rcnceauSikq3lYCQ=
github.com/mattn/go-isatty v0.0.5 h1:tHXDdz1cpzGaovsTB+TVB8q90WEokoVmfMqoVcrLUgw=
github.com/mattn/go-isatty v0.0.5/go.mod h1:Iq45c/XA43vh69/j3iqttzPXn0bhXyGjM0Hdxcsrc5s=
github.com/matttproud/golang_protobuf_extensions v1.0.1 h1:4hp9jkHxhMHkqkrB3Ix0jegS5sx/RkqARlsWZ6pIwiU=
github.com/matttproud/golang_protobuf_extensions v1.0.1/go.mod h1:D8He9yQNgCq6Z5Ld7szi9bcBfOoFv/3dc6xSMkL2PC0=
github.com/mitchellh/go-homedir v1.1.0/go.mod h1:SfyaCUpYCn1Vlf4IUYiD9fPX4A5wJrkLzIz1N1q0pr0=
github.com/mitchellh/mapstructure v1.1.2 h1:fmNYVwqnSfB9mZU6OS2O6GsXM+wcskZDuKQzvN1EDeE=
github.com/mitchellh/mapstructure v1.1.2/go.mod h1:FVVH3fgwuzCH5S8UJGiWEs2h04kUh9fWfEaFds41c1Y=
github.com/ngdinhtoan/glide-cleanup v0.2.0/go.mod h1:UQzsmiDOb8YV3nOsCxK/c9zPpCZVNoHScRE3EO9pVMM=
github.com/onsi/ginkgo v1.6.0/go.mod h1:lLunBs/Ym6LB5Z9jYTR76FiuTmxDTDusOGeTQH+WWjE=
github.com/onsi/ginkgo v1.7.0 h1:WSHQ+IS43OoUrWtD1/bbclrwK8TTH5hzp+umCiuxHgs=
github.com/onsi/ginkgo v1.7.0/go.mod h1:lLunBs/Ym6LB5Z9jYTR76FiuTmxDTDusOGeTQH+WWjE=
github.com/onsi/ginkgo v1.8.0 h1:VkHVNpR4iVnU8XQR6DBm8BqYjN7CRzw+xKUbVVbbW9w=
github.com/onsi/ginkgo v1.8.0/go.mod h1:lLunBs/Ym6LB5Z9jYTR76FiuTmxDTDusOGeTQH+WWjE=
github.com/onsi/gomega v1.4.3 h1:RE1xgDvH7imwFD45h+u2SgIfERHlS2yNG4DObb5BSKU=
github.com/onsi/gomega v1.4.3/go.mod h1:ex+gbHU/CVuBBDIJjb2X0qEXbFg53c61hWP/1CpauHY=
github.com/onsi/gomega v1.5.0 h1:izbySO9zDPmjJ8rDjLvkA2zJHIo+HkYXHnf7eN7SSyo=
github.com/onsi/gomega v1.5.0/go.mod h1:ex+gbHU/CVuBBDIJjb2X0qEXbFg53c61hWP/1CpauHY=
github.com/pelletier/go-toml v0.0.0-20171022022338-8c31c2ec65b2 h1:RTx6HBVnEPvm6X4nj0Tw4ebgCq6XgwnKCvsqbKGD4XQ=
github.com/pelletier/go-toml v0.0.0-20171022022338-8c31c2ec65b2/go.mod h1:5z9KED0ma1S8pY6P1sdut58dfprrGBbd/94hg7ilaic=
github.com/pkg/errors v0.0.0-20171216070316-e881fd58d78e/go.mod h1:bwawxfHBFNV+L2hUp1rHADufV3IMtnDRdf1r5NINEl0=
github.com/pkg/errors v0.8.1 h1:iURUrRGxPUNPdy5/HRSm+Yj6okJ6UtLINN0Q9M4+h3I=
github.com/pkg/errors v0.8.1/go.mod h1:bwawxfHBFNV+L2hUp1rHADufV3IMtnDRdf1r5NINEl0=
github.com/pmezard/go-difflib v1.0.0 h1:4DBwDE0NGyQoBHbLQYPwSUPoCMWR5BEzIk/f1lZbAQM=
github.com/pmezard/go-difflib v1.0.0/go.mod h1:iKH77koFhYxTK1pcRnkKkqfTogsbg7gZNVY4sRDYZ/4=
github.com/pquerna/ffjson v0.0.0-20181028064349-e517b90714f7 h1:gGBSHPOU7g8YjTbhwn+lvFm2VDEhhA+PwDIlstkgSxE=
github.com/pquerna/ffjson v0.0.0-20181028064349-e517b90714f7/go.mod h1:YARuvh7BUWHNhzDq2OM5tzR2RiCcN2D7sapiKyCel/M=
github.com/prometheus/client_golang v0.9.2 h1:awm861/B8OKDd2I/6o1dy3ra4BamzKhYOiGItCeZ740=
github.com/prometheus/client_golang v0.9.2/go.mod h1:OsXs2jCmiKlQ1lTBmv21f2mNfw4xf/QclQDMrYNZzcM=
github.com/prometheus/client_model v0.0.0-20180712105110-5c3871d89910 h1:idejC8f05m9MGOsuEi1ATq9shN03HrxNkD/luQvxCv8=
github.com/prometheus/client_model v0.0.0-20180712105110-5c3871d89910/go.mod h1:MbSGuTsp3dbXC40dX6PRTWyKYBIrTGTE9sqQNg2J8bo=
github.com/prometheus/common v0.0.0-20181126121408-4724e9255275 h1:PnBWHBf+6L0jOqq0gIVUe6Yk0/QMZ640k6NvkxcBf+8=
github.com/prometheus/common v0.0.0-20181126121408-4724e9255275/go.mod h1:daVV7qP5qjZbuso7PdcryaAu0sAZbrN9i7WWcTMWvro=
github.com/prometheus/procfs v0.0.0-20181204211112-1dc9a6cbc91a h1:9a8MnZMP0X2nLJdBg+pBmGgkJlSaKC2KaQmTCk1XDtE=
github.com/prometheus/procfs v0.0.0-20181204211112-1dc9a6cbc91a/go.mod h1:c3At6R/oaqEKCNdg8wHV1ftS6bRYblBhIjjI8uT2IGk=
github.com/rcrowley/go-metrics v0.0.0-20181016184325-3113b8401b8a h1:9ZKAASQSHhDYGoxY8uLVpewe1GDZ2vu2Tr/vTdVAkFQ=
github.com/rcrowley/go-metrics v0.0.0-20181016184325-3113b8401b8a/go.mod h1:bCqnVzQkZxMG4s8nGwiZ5l3QUCyqpo9Y+/ZMZ9VjZe4=
github.com/rs/cors v1.6.0 h1:G9tHG9lebljV9mfp9SNPDL36nCDxmo3zTlAf1YgvzmI=
github.com/rs/cors v1.6.0/go.mod h1:gFx+x8UowdsKA9AchylcLynDq+nNFfI8FkUZdN/jGCU=
github.com/sideshow/apns2 v0.0.0-20181014012405-060d44b53d05 h1:3M+RJyiSlS8LumIYw9HbwwhKMQzJZ1HzTbU3FVmXy8o=
github.com/sideshow/apns2 v0.0.0-20181014012405-060d44b53d05/go.mod h1:f7dArLPLbiZ3qPdzzrZXdCSlMp8FD0p6z7tHssDOLvk=
github.com/sirupsen/logrus v0.0.0-20170620144510-3d4380f53a34/go.mod h1:pMByvHTf9Beacp5x1UXfOR9xyW/9antXMhjMPG0dEzc=
github.com/sirupsen/logrus v1.4.0 h1:yKenngtzGh+cUSSh6GWbxW2abRqhYUSR/t/6+2QqNvE=
github.com/sirupsen/logrus v1.4.0/go.mod h1:LxeOpSwHxABJmUn/MG1IvRgCAasNZTLOkJPxbbu5VWo=
github.com/spf13/afero v0.0.0-20171021110813-5660eeed305f h1:+Dx5AA/mr18sj78olfUUNWiBBH18xbGhdXiOnLoKnzY=
github.com/spf13/afero v0.0.0-20171021110813-5660eeed305f/go.mod h1:j4pytiNVoe2o6bmDsKpLACNPDBIoEAkihy7loJ1B0CQ=
github.com/spf13/cast v1.1.0 h1:0Rhw4d6C8J9VPu6cjZLIhZ8+aAOHcDvGeKn+cq5Aq3k=
github.com/spf13/cast v1.1.0/go.mod h1:r2rcYCSwa1IExKTDiTfzaxqT2FNHs8hODu4LnUfgKEg=
github.com/spf13/cobra v0.0.3 h1:ZlrZ4XsMRm04Fr5pSFxBgfND2EBVa1nLpiy1stUsX/8=
github.com/spf13/cobra v0.0.3/go.mod h1:1l0Ry5zgKvJasoi3XT1TypsSe7PqH0Sj9dhYf7v3XqQ=
github.com/spf13/jwalterweatherman v0.0.0-20170901151539-12bd96e66386 h1:zBoLErXXAvWnNsu+pWkRYl6Cx1KXmIfAVsIuYkPN6aY=
github.com/spf13/jwalterweatherman v0.0.0-20170901151539-12bd96e66386/go.mod h1:cQK4TGJAtQXfYWX+Ddv3mKDzgVb68N+wFjFa4jdeBTo=
github.com/spf13/pflag v0.0.0-20171020110617-97afa5e7ca8a/go.mod h1:DYY7MBk1bdzusC3SYhjObp+wFpr4gzcvqqNjLnInEg4=
github.com/spf13/pflag v1.0.3 h1:zPAT6CGy6wXeQ7NtTnaTerfKOsV6V6F8agHXFiazDkg=
github.com/spf13/pflag v1.0.3/go.mod h1:DYY7MBk1bdzusC3SYhjObp+wFpr4gzcvqqNjLnInEg4=
github.com/spf13/viper v0.0.0-20171020104009-8ef37cbca716 h1:riT9pMSDqlXO6nIDTZoGk3C5OIDdLFaCkfkgJ0fF/rQ=
github.com/spf13/viper v0.0.0-20171020104009-8ef37cbca716/go.mod h1:A8kyI5cUJhb8N+3pkfONlcEcZbueH6nhAm0Fq7SrnBM=
github.com/stretchr/objx v0.1.0/go.mod h1:HFkY916IF+rwdDfMAkV7OtwuqBVzrE8GR6GFx+wExME=
github.com/stretchr/objx v0.1.1/go.mod h1:HFkY916IF+rwdDfMAkV7OtwuqBVzrE8GR6GFx+wExME=
github.com/stretchr/testify v0.0.0-20170130113145-4d4bfba8f1d1/go.mod h1:a8OnRcib4nhh0OaRAV+Yts87kKdq0PP7pXfy6kDkUVs=
github.com/stretchr/testify v1.2.2/go.mod h1:a8OnRcib4nhh0OaRAV+Yts87kKdq0PP7pXfy6kDkUVs=
github.com/stretchr/testify v1.3.0 h1:TivCn/peBQ7UY8ooIcPgZFpTNSz0Q2U6UrFlUfqbe0Q=
github.com/stretchr/testify v1.3.0/go.mod h1:M5WIy9Dh21IEIfnGCwXGc5bZfKNJtfHm1UVUgZn+9EI=
github.com/syndtr/goleveldb v0.0.0-20161227110519-23851d93a229/go.mod h1:Z4AUp2Km+PwemOoO/VB5AOx9XSsIItzFjoJlOSiYmn0=
github.com/syndtr/goleveldb v1.0.0 h1:fBdIW9lB4Iz0n9khmH8w27SJ3QEJ7+IgjPEwGSZiFdE=
github.com/syndtr/goleveldb v1.0.0/go.mod h1:ZVVdQEZoIme9iO1Ch2Jdy24qqXrMMOU6lpPAyBWyWuQ=
github.com/tendermint/go-amino v0.14.1 h1:o2WudxNfdLNBwMyl2dqOJxiro5rfrEaU0Ugs6offJMk=
github.com/tendermint/go-amino v0.14.1/go.mod h1:i/UKE5Uocn+argJJBb12qTZsCDBcAYMbR92AaJVmKso=
github.com/tendermint/iavl v0.12.2 h1:Ls5p5VINCM1HRT9g5Vvs2zmDOCU/CCIvIHzd/pZ8P0E=
github.com/tendermint/iavl v0.12.2/go.mod h1:EoKMMv++tDOL5qKKVnoIqtVPshRrEPeJ0WsgDOLAauM=
github.com/tendermint/tendermint v0.30.2 h1:FpaNQABxRJedjayiX+X6G8mo6FWNnD2eWcKunv3+a60=
github.com/tendermint/tendermint v0.30.2/go.mod h1:ymcPyWblXCplCPQjbOYbrF1fWnpslATMVqiGgWbZrlc=
github.com/thoas/stats v0.0.0-20181218120333-e97827ebd7ca h1:Ju3LQGLQHCUv1yB2WwB1/uXHL+8SfF4E8qm/iSCQV0Q=
github.com/thoas/stats v0.0.0-20181218120333-e97827ebd7ca/go.mod h1:GkZsNBOco11YY68OnXUARbSl26IOXXAeYf6ZKmSZR2M=
github.com/tidwall/btree v0.0.0-20170113224114-9876f1454cf0 h1:QnyrPZZvPmR0AtJCxxfCtI1qN+fYpKTKJ/5opWmZ34k=
github.com/tidwall/btree v0.0.0-20170113224114-9876f1454cf0/go.mod h1:huei1BkDWJ3/sLXmO+bsCNELL+Bp2Kks9OLyQFkzvA8=
github.com/tidwall/buntdb v0.0.0-20161202163738-74dc10171b75 h1:lBUdGHoBnfesVCZAYHc4uvAfp1irCkoZh8TQ6y0GzZ8=
github.com/tidwall/buntdb v0.0.0-20161202163738-74dc10171b75/go.mod h1:Y39xhcDW10WlyYXeLgGftXVbjtM0QP+/kpz8xl9cbzE=
github.com/tidwall/gjson v0.0.0-20170205161042-09d1c5c5bc64 h1:6/SJyMAg0OoV6FuVP97VsiTFxdG4XyisdpvSTC1IiHY=
github.com/tidwall/gjson v0.0.0-20170205161042-09d1c5c5bc64/go.mod h1:c/nTNbUr0E0OrXEhq1pwa8iEgc2DOt4ZZqAt1HtCkPA=
github.com/tidwall/grect v0.0.0-20161006141115-ba9a043346eb h1:5NSYaAdrnblKByzd7XByQEJVT8+9v0W/tIY0Oo4OwrE=
github.com/tidwall/grect v0.0.0-20161006141115-ba9a043346eb/go.mod h1:lKYYLFIr9OIgdgrtgkZ9zgRxRdvPYsExnYBsEAd8W5M=
github.com/tidwall/match v0.0.0-20160830173930-173748da739a h1:jkSy//MOkpJzPmsdrxnM+wiF/wdmVCFGegxccsSkm2Q=
github.com/tidwall/match v0.0.0-20160830173930-173748da739a/go.mod h1:LujAq0jyVjBy028G1WhWfIzbpQfMO8bBZ6Tyb0+pL9E=
github.com/tidwall/rtree v0.0.0-20160903213729-d4a8a3d30d57 h1:k1tEEozQvcJFX6AFAfaF6cCeDvIhocoTrM47VswRfCg=
github.com/tidwall/rtree v0.0.0-20160903213729-d4a8a3d30d57/go.mod h1:/h+UnNGt0IhNNJLkGikcdcJqm66zGD/uJGMRxK/9+Ao=
github.com/ugorji/go v0.0.0-20170312112114-708a42d24682 h1:9FsLhpi/pQ3YZgrcf1xMOTaVqiUEaLCzGNFVfKswcww=
github.com/ugorji/go v0.0.0-20170312112114-708a42d24682/go.mod h1:hnLbHMwcvSihnDhEfx2/BzKp2xb0Y+ErdfYcrs9tkJQ=
github.com/valyala/bytebufferpool v1.0.0 h1:GqA5TC/0021Y/b9FG4Oi9Mr3q7XYx6KllzawFIhcdPw=
github.com/valyala/bytebufferpool v1.0.0/go.mod h1:6bBcMArwyJ5K/AmCkWv1jt77kVWyCJ6HpOuEn7z0Csc=
github.com/valyala/fasttemplate v1.0.1 h1:tY9CJiPnMXf1ERmG2EyK7gNUd+c6RKGD0IfU8WdUSz8=
github.com/valyala/fasttemplate v1.0.1/go.mod h1:UQGH1tvbgY+Nz5t2n7tXsz52dQxojPUpymEIMZ47gx8=
github.com/writeas/go-strip-markdown v2.0.1+incompatible h1:IIqxTM5Jr7RzhigcL6FkrCNfXkvbR+Nbu1ls48pXYcw=
github.com/writeas/go-strip-markdown v2.0.1+incompatible/go.mod h1:Rsyu10ZhbEK9pXdk8V6MVnZmTzRG0alMNLMwa0J01fE=
golang.org/x/crypto v0.0.0-20170404161947-c78caca803c9/go.mod h1:6SG95UA2DQfeDnfUPMdvaQW0Q7yPrPDi9nlGo2tz2b4=
golang.org/x/crypto v0.0.0-20170930174604-9419663f5a44/go.mod h1:6SG95UA2DQfeDnfUPMdvaQW0Q7yPrPDi9nlGo2tz2b4=
golang.org/x/crypto v0.0.0-20180904163835-0709b304e793/go.mod h1:6SG95UA2DQfeDnfUPMdvaQW0Q7yPrPDi9nlGo2tz2b4=
golang.org/x/crypto v0.0.0-20180910181607-0e37d006457b/go.mod h1:6SG95UA2DQfeDnfUPMdvaQW0Q7yPrPDi9nlGo2tz2b4=
golang.org/x/crypto v0.0.0-20190308221718-c2843e01d9a2/go.mod h1:djNgcEr1/C05ACkg1iLfiJU5Ep61QUkGW8qpdssI0+w=
golang.org/x/crypto v0.0.0-20190313024323-a1f597ede03a h1:YX8ljsm6wXlHZO+aRz9Exqr0evNhKRNe5K/gi+zKh4U=
golang.org/x/crypto v0.0.0-20190313024323-a1f597ede03a/go.mod h1:djNgcEr1/C05ACkg1iLfiJU5Ep61QUkGW8qpdssI0+w=
golang.org/x/lint v0.0.0-20181026193005-c67002cb31c3/go.mod h1:UVdnD1Gm6xHRNCYTkRU2/jEulfH38KcIWyp/GAMgvoE=
golang.org/x/net v0.0.0-20180724234803-3673e40ba225/go.mod h1:mL1N/T3taQHkDXs73rZJwtUhF3w3ftmwwsq0BUmARs4=
golang.org/x/net v0.0.0-20180826012351-8a410e7b638d/go.mod h1:mL1N/T3taQHkDXs73rZJwtUhF3w3ftmwwsq0BUmARs4=
golang.org/x/net v0.0.0-20180906233101-161cd47e91fd/go.mod h1:mL1N/T3taQHkDXs73rZJwtUhF3w3ftmwwsq0BUmARs4=
golang.org/x/net v0.0.0-20181201002055-351d144fa1fc/go.mod h1:mL1N/T3taQHkDXs73rZJwtUhF3w3ftmwwsq0BUmARs4=
golang.org/x/net v0.0.0-20190313082753-5c2c250b6a70 h1:0OwHPyvXNyZS9VW4XXoGkWOwhrMN52Y4n/gSxvJOgj0=
golang.org/x/net v0.0.0-20190313082753-5c2c250b6a70/go.mod h1:t9HGtf8HONx5eT2rtn7q6eTqICYqUVnKs3thJo3Qplg=
golang.org/x/oauth2 v0.0.0-20180821212333-d2e6202438be/go.mod h1:N/0e6XlmueqKjAGxoOufVs8QHGRruUQn6yWY3a++T0U=
golang.org/x/sync v0.0.0-20180314180146-1d60e4601c6f/go.mod h1:RxMgew5VJxzue5/jJTE5uejpjVlOe/izrB70Jof72aM=
golang.org/x/sync v0.0.0-20181108010431-42b317875d0f h1:Bl/8QSvNqXvPGPGXa2z5xUTmV7VDcZyvRZ+QQXkXTZQ=
golang.org/x/sync v0.0.0-20181108010431-42b317875d0f/go.mod h1:RxMgew5VJxzue5/jJTE5uejpjVlOe/izrB70Jof72aM=
golang.org/x/sys v0.0.0-20180830151530-49385e6e1522/go.mod h1:STP8DvDyc/dI5b8T5hshtkjS+E42TnysNCUPdjciGhY=
golang.org/x/sys v0.0.0-20180905080454-ebe1bf3edb33/go.mod h1:STP8DvDyc/dI5b8T5hshtkjS+E42TnysNCUPdjciGhY=
golang.org/x/sys v0.0.0-20180909124046-d0be0721c37e/go.mod h1:STP8DvDyc/dI5b8T5hshtkjS+E42TnysNCUPdjciGhY=
golang.org/x/sys v0.0.0-20190215142949-d0b11bdaac8a h1:1BGLXjeY4akVXGgbC9HugT3Jv3hCI0z56oJR5vAMgBU=
golang.org/x/sys v0.0.0-20190215142949-d0b11bdaac8a/go.mod h1:STP8DvDyc/dI5b8T5hshtkjS+E42TnysNCUPdjciGhY=
golang.org/x/sys v0.0.0-20190222072716-a9d3bda3a223 h1:DH4skfRX4EBpamg7iV4ZlCpblAHI6s6TDM39bFZumv8=
golang.org/x/sys v0.0.0-20190222072716-a9d3bda3a223/go.mod h1:STP8DvDyc/dI5b8T5hshtkjS+E42TnysNCUPdjciGhY=
golang.org/x/text v0.3.0 h1:g61tztE5qeGQ89tm6NTjjM9VPIm088od1l6aSorWRWg=
golang.org/x/text v0.3.0/go.mod h1:NqM8EUOU14njkJ3fqMW+pc6Ldnwhi/IjpwHt7yyuwOQ=
golang.org/x/tools v0.0.0-20180221164845-07fd8470d635/go.mod h1:n7NCudcB/nEzxVGmLbDWY5pfWTLqBcC2KZ6jyYvM4mQ=
golang.org/x/tools v0.0.0-20190114222345-bf090417da8b/go.mod h1:n7NCudcB/nEzxVGmLbDWY5pfWTLqBcC2KZ6jyYvM4mQ=
google.golang.org/appengine v1.1.0/go.mod h1:EbEs0AVv82hx2wNQdGPgUI5lhzA/G0D9YwlJXL52JkM=
google.golang.org/appengine v1.4.0 h1:/wp5JvzpHIxhs/dumFmF7BXTf3Z+dd4uXta4kVyO508=
google.golang.org/appengine v1.4.0/go.mod h1:xpcJRLb0r/rnEns0DIKYYv+WjYCduHsrkT7/EB5XEv4=
google.golang.org/genproto v0.0.0-20170711235230-b0a3dcfcd1a9/go.mod h1:JiN7NxoALGmiZfu7CAH4rXhgtRTLTxftemlI0sWmxmc=
google.golang.org/genproto v0.0.0-20180817151627-c66870c02cf8/go.mod h1:JiN7NxoALGmiZfu7CAH4rXhgtRTLTxftemlI0sWmxmc=
google.golang.org/genproto v0.0.0-20180831171423-11092d34479b h1:lohp5blsw53GBXtLyLNaTXPXS9pJ1tiTw61ZHUoE9Qw=
google.golang.org/genproto v0.0.0-20180831171423-11092d34479b/go.mod h1:JiN7NxoALGmiZfu7CAH4rXhgtRTLTxftemlI0sWmxmc=
google.golang.org/grpc v0.0.0-20171109215322-de2209a968d4/go.mod h1:yo6s7OP7yaDglbqo1J04qKzAhqBH6lvTonzMVmEdcZw=
google.golang.org/grpc v1.19.0 h1:cfg4PD8YEdSFnm7qLV4++93WcmhH2nIUhMjhdCvl3j8=
google.golang.org/grpc v1.19.0/go.mod h1:mqu4LbDTu4XGKhr4mRzUsmM4RtVoemTSY81AxZiDr8c=
gopkg.in/appleboy/gin-status-api.v1 v1.0.1 h1:c80nPT2SftCfE/2I9g/BbH5bQjG3kbnMMQ1083ugapU=
gopkg.in/appleboy/gin-status-api.v1 v1.0.1/go.mod h1:X8bhgN2h4PXwJthf69L7rIAqDdnRZptEroSSpFiSnUg=
gopkg.in/appleboy/gofight.v1 v1.0.4 h1:TTaDOzxoUYfSoCnX6Bccct4EQUVPZwfv53aE5YEoyt4=
gopkg.in/appleboy/gofight.v1 v1.0.4/go.mod h1:+uRfN6FDYnxTJ+ErmYp2sESG/haICL6CahBhD6RzsVw=
gopkg.in/appleboy/gofight.v2 v2.0.0 h1:tbwzV5a3rkoA7M+INNFZ0l1FqsbzVYbWKmJIcwpajLY=
gopkg.in/appleboy/gofight.v2 v2.0.0/go.mod h1:/oCUdVhE1UdRqheD5PmH/2GBvcaxShR7/cDBUoSk2wQ=
gopkg.in/check.v1 v0.0.0-20161208181325-20d25e280405 h1:yhCVgyC4o1eVCa2tZl7eS0r+SDo693bJlVdllGtEeKM=
gopkg.in/check.v1 v0.0.0-20161208181325-20d25e280405/go.mod h1:Co6ibVJAznAaIkqp8huTwlJQCZ016jof/cbN4VW5Yz0=
gopkg.in/check.v1 v1.0.0-20180628173108-788fd7840127 h1:qIbj1fsPNlZgppZ+VLlY7N33q108Sa+fhmuc+sWQYwY=
gopkg.in/check.v1 v1.0.0-20180628173108-788fd7840127/go.mod h1:Co6ibVJAznAaIkqp8huTwlJQCZ016jof/cbN4VW5Yz0=
gopkg.in/fsnotify.v1 v1.4.7 h1:xOHLXZwVvI9hhs+cLKq5+I5onOuwQLhQwiu63xxlHs4=
gopkg.in/fsnotify.v1 v1.4.7/go.mod h1:Tz8NjZHkW78fSQdbUxIjBTcgA1z1m8ZHf0WmKUhAMys=
gopkg.in/fukata/golang-stats-api-handler.v1 v1.0.0 h1:UR6t2xlnAa3nDYeT+akxO31opz8bUDkswQ8tWd4E754=
gopkg.in/fukata/golang-stats-api-handler.v1 v1.0.0/go.mod h1:GUgEemw8P+egdtLtzGsN/STzYt5kI76HPw4JWg7gDvw=
gopkg.in/gin-gonic/gin.v1 v1.3.0 h1:DjAu49rN1YttQsOkVCPlAO3INcZNFT0IKsNVMk5MRT4=
gopkg.in/gin-gonic/gin.v1 v1.3.0/go.mod h1:Eljh74A/zAvUOQ835v6ySeZ+5gQG6tKjbZTaZ9iWU3A=
gopkg.in/go-playground/assert.v1 v1.2.1 h1:xoYuJVE7KT85PYWrN730RguIQO0ePzVRfFMXadIrXTM=
gopkg.in/go-playground/assert.v1 v1.2.1/go.mod h1:9RXL0bg/zibRAgZUYszZSwO/z8Y/a8bDuhia5mkpMnE=
gopkg.in/go-playground/validator.v8 v8.18.1 h1:F8SLY5Vqesjs1nI1EL4qmF1PQZ1sitsmq0rPYXLyfGU=
gopkg.in/go-playground/validator.v8 v8.18.1/go.mod h1:RX2a/7Ha8BgOhfk7j780h4/u/RRjR0eouCJSH80/M2Y=
gopkg.in/redis.v5 v5.2.4 h1:XpIcn07AdbjbLZOqa6ipEm9aUhLwpgsm3yi0liZMycc=
gopkg.in/redis.v5 v5.2.4/go.mod h1:6gtv0/+A4iM08kdRfocWYB3bLX2tebpNtfKlFT6H4mY=
gopkg.in/tomb.v1 v1.0.0-20141024135613-dd632973f1e7 h1:uRGJdciOHaEIrze2W8Q3AKkepLTh2hOroT7a+7czfdQ=
gopkg.in/tomb.v1 v1.0.0-20141024135613-dd632973f1e7/go.mod h1:dt/ZhP58zS4L8KSrWDmTeBkI65Dw0HsyUHuEVlX15mw=
gopkg.in/vmihailenco/msgpack.v2 v2.9.1 h1:kb0VV7NuIojvRfzwslQeP3yArBqJHW9tOl4t38VS1jM=
gopkg.in/vmihailenco/msgpack.v2 v2.9.1/go.mod h1:/3Dn1Npt9+MYyLpYYXjInO/5jvMLamn+AEGwNEOatn8=
gopkg.in/yaml.v2 v2.2.1 h1:mUhvW9EsL+naU5Q3cakzfE91YhliOondGd6ZrsDBHQE=
gopkg.in/yaml.v2 v2.2.1/go.mod h1:hI93XBmqTisBFMUTm0b8Fm+jr3Dg1NNxqwp+5A1VGuI=
gopkg.in/yaml.v2 v2.2.2 h1:ZCJp+EgiOT7lHqUV2J862kp8Qj64Jo6az82+3Td9dZw=
gopkg.in/yaml.v2 v2.2.2/go.mod h1:hI93XBmqTisBFMUTm0b8Fm+jr3Dg1NNxqwp+5A1VGuI=
honnef.co/go/tools v0.0.0-20190102054323-c2f93a96b099/go.mod h1:rf3lG4BRIbNafJWhAfAdb/ePZxsR/4RtNHQocxwk9r4=
mellium.im/sasl v0.2.1 h1:nspKSRg7/SyO0cRGY71OkfHab8tf9kCts6a6oTDut0w=
mellium.im/sasl v0.2.1/go.mod h1:ROaEDLQNuf9vjKqE1SrAfnsobm2YKXT1gnN1uDp1PjQ=
